
Microsoft Visual Studio Solution File, Format Version 12.00
# Visual Studio Version 17
VisualStudioVersion = 17.2.32526.322
MinimumVisualStudioVersion = 10.0.40219.1
Project("{FAE04EC0-301F-11D3-BF4B-00C04F79EFBC}") = "ContosoUniversityMVC", "ContosoUniversityMVC\ContosoUniversityMVC.csproj", "{CF152687-31E3-4B21-8E0F-D2D1E30E904B}"
EndProject
Global
	GlobalSection(SolutionConfigurationPlatforms) = preSolution
		Debug|Any CPU = Debug|Any CPU
		Release|Any CPU = Release|Any CPU
	EndGlobalSection
	GlobalSection(ProjectConfigurationPlatforms) = postSolution
		{CF152687-31E3-4B21-8E0F-D2D1E30E904B}.Debug|Any CPU.ActiveCfg = Debug|Any CPU
		{CF152687-31E3-4B21-8E0F-D2D1E30E904B}.Debug|Any CPU.Build.0 = Debug|Any CPU
		{CF152687-31E3-4B21-8E0F-D2D1E30E904B}.Release|Any CPU.ActiveCfg = Release|Any CPU
		{CF152687-31E3-4B21-8E0F-D2D1E30E904B}.Release|Any CPU.Build.0 = Release|Any CPU
	EndGlobalSection
	GlobalSection(SolutionProperties) = preSolution
		HideSolutionNode = FALSE
	EndGlobalSection
	GlobalSection(ExtensibilityGlobals) = postSolution
		SolutionGuid = {3872FC32-5649-47ED-A6BE-9726ECB7CAA1}
	EndGlobalSection
EndGlobal
